// !$*UTF8*$!
{
	archiveVersion = 1;
	classes = {
	};
	objectVersion = 54;
	objects = {

/* Begin PBXBuildFile section */
		00E356F31AD99517003FC87E /* ElecturaTests.m in Sources */ = {isa = PBXBuildFile; fileRef = 00E356F21AD99517003FC87E /* ElecturaTests.m */; };
		13B07FBC1A68108700A75B9A /* AppDelegate.m in Sources */ = {isa = PBXBuildFile; fileRef = 13B07FB01A68108700A75B9A /* AppDelegate.m */; };
		13B07FBF1A68108700A75B9A /* Images.xcassets in Resources */ = {isa = PBXBuildFile; fileRef = 13B07FB51A68108700A75B9A /* Images.xcassets */; };
		13B07FC11A68108700A75B9A /* main.m in Sources */ = {isa = PBXBuildFile; fileRef = 13B07FB71A68108700A75B9A /* main.m */; };
		81AB9BB82411601600AC10FF /* LaunchScreen.storyboard in Resources */ = {isa = PBXBuildFile; fileRef = 81AB9BB72411601600AC10FF /* LaunchScreen.storyboard */; };
		6862D144844847FD946DB8B3 /* AntDesign.ttf in Resources */ = {isa = PBXBuildFile; fileRef = 7505A158C5FF45B8AE946324 /* AntDesign.ttf */; };
		208500137D794DFA954D3B93 /* Entypo.ttf in Resources */ = {isa = PBXBuildFile; fileRef = 5EE21DC3B61F46CF9C02DF83 /* Entypo.ttf */; };
		B767F584B7434AEB873C5ABF /* EvilIcons.ttf in Resources */ = {isa = PBXBuildFile; fileRef = 5F05C8CDA74C42A381E0FE5D /* EvilIcons.ttf */; };
		44AB66C3F3D44912A2DA308E /* Feather.ttf in Resources */ = {isa = PBXBuildFile; fileRef = 4924902A11A44460B6971326 /* Feather.ttf */; };
		080751A7C6244698B5F32A29 /* FontAwesome.ttf in Resources */ = {isa = PBXBuildFile; fileRef = 57FAA810FF2C4DACA061BDA4 /* FontAwesome.ttf */; };
		2B0DF2F24BFF4CCAAE1A0D31 /* FontAwesome5_Brands.ttf in Resources */ = {isa = PBXBuildFile; fileRef = 16BEB7FAA4054131AB8EB7F3 /* FontAwesome5_Brands.ttf */; };
		D3C4396F426040BD9564A63A /* FontAwesome5_Regular.ttf in Resources */ = {isa = PBXBuildFile; fileRef = 93AF7CD843D84463A06AE9D0 /* FontAwesome5_Regular.ttf */; };
		84DED7D7F9074C0C9057CD69 /* FontAwesome5_Solid.ttf in Resources */ = {isa = PBXBuildFile; fileRef = E128126559DA46C4953FC878 /* FontAwesome5_Solid.ttf */; };
		7329C9DB1334406DBEB05986 /* Fontisto.ttf in Resources */ = {isa = PBXBuildFile; fileRef = C91CB9DBC1EC4201B9A3049C /* Fontisto.ttf */; };
		EC136B51F3734E989E61F405 /* Foundation.ttf in Resources */ = {isa = PBXBuildFile; fileRef = B7A9D5EBD4D048EC9303CAB1 /* Foundation.ttf */; };
		3605DD6DAF6F4014A261AB8A /* Ionicons.ttf in Resources */ = {isa = PBXBuildFile; fileRef = AE9A7399FD2A4A02B76EDC5C /* Ionicons.ttf */; };
		09454D489F184589B5508B1F /* MaterialCommunityIcons.ttf in Resources */ = {isa = PBXBuildFile; fileRef = 8B4F86B279914D54A8B2DEB7 /* MaterialCommunityIcons.ttf */; };
		008270E8C6B040E497A7B539 /* MaterialIcons.ttf in Resources */ = {isa = PBXBuildFile; fileRef = 578F790D2F354DA982B87182 /* MaterialIcons.ttf */; };
		D220E4732B1447A491BE6C6B /* Octicons.ttf in Resources */ = {isa = PBXBuildFile; fileRef = D1C129CF9ABE4C19AFCEBF07 /* Octicons.ttf */; };
		983C20D547FF4CE9A9A9ACD9 /* SimpleLineIcons.ttf in Resources */ = {isa = PBXBuildFile; fileRef = 849E6386267E46D1A1BFC197 /* SimpleLineIcons.ttf */; };
		C553FFCE80CC4A6085D7629C /* Zocial.ttf in Resources */ = {isa = PBXBuildFile; fileRef = FD38E5C1760844C6B8E47B62 /* Zocial.ttf */; };
		C73D3AFA091A42C390DBBE41 /* OpenSans-Bold.ttf in Resources */ = {isa = PBXBuildFile; fileRef = 7D599618AA8E4A699E1D6364 /* OpenSans-Bold.ttf */; };
		444F15A72C3F4F79B0735126 /* OpenSans-BoldItalic.ttf in Resources */ = {isa = PBXBuildFile; fileRef = A0B6CDBFA8B04EADAAFED6AA /* OpenSans-BoldItalic.ttf */; };
		E4121050CDCF4C1FBE218AF5 /* OpenSans-ExtraBold.ttf in Resources */ = {isa = PBXBuildFile; fileRef = BA55E701E7894BBAB7006A59 /* OpenSans-ExtraBold.ttf */; };
		C183BD2C7F664AB6A5306C41 /* OpenSans-ExtraBoldItalic.ttf in Resources */ = {isa = PBXBuildFile; fileRef = F2B0ACA104474E4BBC755AA9 /* OpenSans-ExtraBoldItalic.ttf */; };
		ED6870DBD6224169B810B7D8 /* OpenSans-Italic.ttf in Resources */ = {isa = PBXBuildFile; fileRef = B899EC15A6314D8FB5F03F4F /* OpenSans-Italic.ttf */; };
		14F776E9B24B49CF9BD9B3E1 /* OpenSans-Light.ttf in Resources */ = {isa = PBXBuildFile; fileRef = AD01FB82612A4462A310AF68 /* OpenSans-Light.ttf */; };
		1770A3D9F00448AF8B8A1F14 /* OpenSans-LightItalic.ttf in Resources */ = {isa = PBXBuildFile; fileRef = 80C4D706E4E34E86ACDD22D1 /* OpenSans-LightItalic.ttf */; };
		DBD034AC4DBD49B296F98011 /* OpenSans-Regular.ttf in Resources */ = {isa = PBXBuildFile; fileRef = 739841E7CFB74079AF037759 /* OpenSans-Regular.ttf */; };
		53A4F7E0CE204D3F8759834F /* OpenSans-SemiBold.ttf in Resources */ = {isa = PBXBuildFile; fileRef = D0E5FEAF6D804F6B96D29A78 /* OpenSans-SemiBold.ttf */; };
		FA0CC66A1C4D4644852D6CB1 /* OpenSans-SemiBoldItalic.ttf in Resources */ = {isa = PBXBuildFile; fileRef = 0481A9542C3946DF9A664E8A /* OpenSans-SemiBoldItalic.ttf */; };
		E96F304054DD4E319F8DF35A /* Montserrat-Black.ttf in Resources */ = {isa = PBXBuildFile; fileRef = 9919EC3C056247C2B88CC0BC /* Montserrat-Black.ttf */; };
		84DDF5C9FEEB4B2DB2349DE6 /* Montserrat-BlackItalic.ttf in Resources */ = {isa = PBXBuildFile; fileRef = A71952D5A74F4243972CA5C7 /* Montserrat-BlackItalic.ttf */; };
		D8C2011A02CB4D078FD829DB /* Montserrat-Bold.ttf in Resources */ = {isa = PBXBuildFile; fileRef = 50B8614CE2E14DD3A760B1B1 /* Montserrat-Bold.ttf */; };
		596ED6D80382432BB3F7F638 /* Montserrat-BoldItalic.ttf in Resources */ = {isa = PBXBuildFile; fileRef = 5530237C2C4F41FCBB875AE5 /* Montserrat-BoldItalic.ttf */; };
		2C550F8C9857412BA52E7C66 /* Montserrat-ExtraBold.ttf in Resources */ = {isa = PBXBuildFile; fileRef = F0C94A816AB3423F89633C56 /* Montserrat-ExtraBold.ttf */; };
		959ABB416F0446289710FB2B /* Montserrat-ExtraBoldItalic.ttf in Resources */ = {isa = PBXBuildFile; fileRef = 3DB9C98463EB411F929B31A3 /* Montserrat-ExtraBoldItalic.ttf */; };
		12AA9FAA9A6A4CCABAFEF2EE /* Montserrat-ExtraLight.ttf in Resources */ = {isa = PBXBuildFile; fileRef = F3486D62CD814401A21961AC /* Montserrat-ExtraLight.ttf */; };
		DE5D6F87AA6B4D14B887C057 /* Montserrat-ExtraLightItalic.ttf in Resources */ = {isa = PBXBuildFile; fileRef = 23B29F0491D84DFEAB0C2479 /* Montserrat-ExtraLightItalic.ttf */; };
		8517A7190166480083B5EC8D /* Montserrat-Italic.ttf in Resources */ = {isa = PBXBuildFile; fileRef = 70CE5400733A4B799FCAD98F /* Montserrat-Italic.ttf */; };
		3C8AC93D8BD74281AAC78986 /* Montserrat-Light.ttf in Resources */ = {isa = PBXBuildFile; fileRef = D6C87175DD714EA4A0DD2DB7 /* Montserrat-Light.ttf */; };
		F73C3267EF7B4EEF9ADFC0E0 /* Montserrat-LightItalic.ttf in Resources */ = {isa = PBXBuildFile; fileRef = E4DE72799170429D95DF3F18 /* Montserrat-LightItalic.ttf */; };
		EFF45926FD064AAF94A06610 /* Montserrat-Medium.ttf in Resources */ = {isa = PBXBuildFile; fileRef = AE7B60D196724FBFA2D02F17 /* Montserrat-Medium.ttf */; };
		D71285FB88354962A907DA9D /* Montserrat-MediumItalic.ttf in Resources */ = {isa = PBXBuildFile; fileRef = 5A3001DE89634FE799C6F574 /* Montserrat-MediumItalic.ttf */; };
		F69FC0329B1441998AD28674 /* Montserrat-Regular.ttf in Resources */ = {isa = PBXBuildFile; fileRef = 80601683B4C74D8E8BAB6A85 /* Montserrat-Regular.ttf */; };
		DC7B875E48494C6BA6B2B9B3 /* Montserrat-SemiBold.ttf in Resources */ = {isa = PBXBuildFile; fileRef = AA50203308264FABB5549924 /* Montserrat-SemiBold.ttf */; };
		8AD56BD2A0CB4F699A1C4C07 /* Montserrat-SemiBoldItalic.ttf in Resources */ = {isa = PBXBuildFile; fileRef = 55B053D261C44D7FB2C08B33 /* Montserrat-SemiBoldItalic.ttf */; };
		7B42D6F1DD7C4C0DBFCCBC47 /* Montserrat-Thin.ttf in Resources */ = {isa = PBXBuildFile; fileRef = 99FE5EA28BF944438811B2AF /* Montserrat-Thin.ttf */; };
		4BC7F83642FF458292424C02 /* Montserrat-ThinItalic.ttf in Resources */ = {isa = PBXBuildFile; fileRef = 43D84E7A425741ACAB1B1ED7 /* Montserrat-ThinItalic.ttf */; };
		4D50A7BD293C43CAA061A4E9 /* RedHatText-Bold.ttf in Resources */ = {isa = PBXBuildFile; fileRef = F41C557739344391BBF34B22 /* RedHatText-Bold.ttf */; };
		7233D1F5D068487196FF52C5 /* RedHatText-BoldItalic.ttf in Resources */ = {isa = PBXBuildFile; fileRef = B55F18E68B80499F80BBB39B /* RedHatText-BoldItalic.ttf */; };
		C0D670AC1410467DA20792BE /* RedHatText-Italic-VariableFont_wght.ttf in Resources */ = {isa = PBXBuildFile; fileRef = 8984B3EB6C584B238705276A /* RedHatText-Italic-VariableFont_wght.ttf */; };
		BE9CFB3132654B32801FD8FD /* RedHatText-Italic.ttf in Resources */ = {isa = PBXBuildFile; fileRef = 91412640C13048E3B20187BE /* RedHatText-Italic.ttf */; };
		904B54A6A3334E7B91650B67 /* RedHatText-Light.ttf in Resources */ = {isa = PBXBuildFile; fileRef = E4B926F310CF43A9AB8A60DD /* RedHatText-Light.ttf */; };
		D3B52930B0D341928E6747FE /* RedHatText-LightItalic.ttf in Resources */ = {isa = PBXBuildFile; fileRef = D3C64451D5E14A4B8FE63311 /* RedHatText-LightItalic.ttf */; };
		F3FBD00F1298458AA7ED56ED /* RedHatText-Medium.ttf in Resources */ = {isa = PBXBuildFile; fileRef = 660A2477EF75416987E19821 /* RedHatText-Medium.ttf */; };
		C7A1BE0A2B624006B7A7EE4C /* RedHatText-MediumItalic.ttf in Resources */ = {isa = PBXBuildFile; fileRef = 8AB85F0B82554E7BA3AE8378 /* RedHatText-MediumItalic.ttf */; };
		1B88F4F9F9F542419E75BB0C /* RedHatText-Regular.ttf in Resources */ = {isa = PBXBuildFile; fileRef = 1AAF0F6F5E904AEFAAF44413 /* RedHatText-Regular.ttf */; };
		A5A4502699CE4CF48FAA1621 /* RedHatText-SemiBold.ttf in Resources */ = {isa = PBXBuildFile; fileRef = D899C7681D564F829ADBB644 /* RedHatText-SemiBold.ttf */; };
		94E1B17C96BC4F21BD3DD030 /* RedHatText-SemiBoldItalic.ttf in Resources */ = {isa = PBXBuildFile; fileRef = 4C70888A640847B0A67E5C9E /* RedHatText-SemiBoldItalic.ttf */; };
		A42C9F1DB48748C685770CB9 /* RedHatText-VariableFont_wght.ttf in Resources */ = {isa = PBXBuildFile; fileRef = 74FFAA909A93473AA612498E /* RedHatText-VariableFont_wght.ttf */; };
/* End PBXBuildFile section */

/* Begin PBXContainerItemProxy section */
		00E356F41AD99517003FC87E /* PBXContainerItemProxy */ = {
			isa = PBXContainerItemProxy;
			containerPortal = 83CBB9F71A601CBA00E9B192 /* Project object */;
			proxyType = 1;
			remoteGlobalIDString = 13B07F861A680F5B00A75B9A;
			remoteInfo = Electura;
		};
/* End PBXContainerItemProxy section */

/* Begin PBXFileReference section */
		00E356EE1AD99517003FC87E /* ElecturaTests.xctest */ = {isa = PBXFileReference; explicitFileType = wrapper.cfbundle; includeInIndex = 0; path = ElecturaTests.xctest; sourceTree = BUILT_PRODUCTS_DIR; };
		00E356F11AD99517003FC87E /* Info.plist */ = {isa = PBXFileReference; lastKnownFileType = text.plist.xml; path = Info.plist; sourceTree = "<group>"; };
		00E356F21AD99517003FC87E /* ElecturaTests.m */ = {isa = PBXFileReference; lastKnownFileType = sourcecode.c.objc; path = ElecturaTests.m; sourceTree = "<group>"; };
		13B07F961A680F5B00A75B9A /* Electura.app */ = {isa = PBXFileReference; explicitFileType = wrapper.application; includeInIndex = 0; path = Electura.app; sourceTree = BUILT_PRODUCTS_DIR; };
		13B07FAF1A68108700A75B9A /* AppDelegate.h */ = {isa = PBXFileReference; fileEncoding = 4; lastKnownFileType = sourcecode.c.h; name = AppDelegate.h; path = Electura/AppDelegate.h; sourceTree = "<group>"; };
		13B07FB01A68108700A75B9A /* AppDelegate.m */ = {isa = PBXFileReference; fileEncoding = 4; lastKnownFileType = sourcecode.c.objc; name = AppDelegate.m; path = Electura/AppDelegate.m; sourceTree = "<group>"; };
		13B07FB51A68108700A75B9A /* Images.xcassets */ = {isa = PBXFileReference; lastKnownFileType = folder.assetcatalog; name = Images.xcassets; path = Electura/Images.xcassets; sourceTree = "<group>"; };
		13B07FB61A68108700A75B9A /* Info.plist */ = {isa = PBXFileReference; fileEncoding = 4; lastKnownFileType = text.plist.xml; name = Info.plist; path = Electura/Info.plist; sourceTree = "<group>"; };
		13B07FB71A68108700A75B9A /* main.m */ = {isa = PBXFileReference; fileEncoding = 4; lastKnownFileType = sourcecode.c.objc; name = main.m; path = Electura/main.m; sourceTree = "<group>"; };
		81AB9BB72411601600AC10FF /* LaunchScreen.storyboard */ = {isa = PBXFileReference; fileEncoding = 4; lastKnownFileType = file.storyboard; name = LaunchScreen.storyboard; path = Electura/LaunchScreen.storyboard; sourceTree = "<group>"; };
		ED297162215061F000B7C4FE /* JavaScriptCore.framework */ = {isa = PBXFileReference; lastKnownFileType = wrapper.framework; name = JavaScriptCore.framework; path = System/Library/Frameworks/JavaScriptCore.framework; sourceTree = SDKROOT; };
		7505A158C5FF45B8AE946324 /* AntDesign.ttf */ = {isa = PBXFileReference; name = "AntDesign.ttf"; path = "../node_modules/react-native-vector-icons/Fonts/AntDesign.ttf"; sourceTree = "<group>"; fileEncoding = undefined; lastKnownFileType = unknown; explicitFileType = undefined; includeInIndex = 0; };
		5EE21DC3B61F46CF9C02DF83 /* Entypo.ttf */ = {isa = PBXFileReference; name = "Entypo.ttf"; path = "../node_modules/react-native-vector-icons/Fonts/Entypo.ttf"; sourceTree = "<group>"; fileEncoding = undefined; lastKnownFileType = unknown; explicitFileType = undefined; includeInIndex = 0; };
		5F05C8CDA74C42A381E0FE5D /* EvilIcons.ttf */ = {isa = PBXFileReference; name = "EvilIcons.ttf"; path = "../node_modules/react-native-vector-icons/Fonts/EvilIcons.ttf"; sourceTree = "<group>"; fileEncoding = undefined; lastKnownFileType = unknown; explicitFileType = undefined; includeInIndex = 0; };
		4924902A11A44460B6971326 /* Feather.ttf */ = {isa = PBXFileReference; name = "Feather.ttf"; path = "../node_modules/react-native-vector-icons/Fonts/Feather.ttf"; sourceTree = "<group>"; fileEncoding = undefined; lastKnownFileType = unknown; explicitFileType = undefined; includeInIndex = 0; };
		57FAA810FF2C4DACA061BDA4 /* FontAwesome.ttf */ = {isa = PBXFileReference; name = "FontAwesome.ttf"; path = "../node_modules/react-native-vector-icons/Fonts/FontAwesome.ttf"; sourceTree = "<group>"; fileEncoding = undefined; lastKnownFileType = unknown; explicitFileType = undefined; includeInIndex = 0; };
		16BEB7FAA4054131AB8EB7F3 /* FontAwesome5_Brands.ttf */ = {isa = PBXFileReference; name = "FontAwesome5_Brands.ttf"; path = "../node_modules/react-native-vector-icons/Fonts/FontAwesome5_Brands.ttf"; sourceTree = "<group>"; fileEncoding = undefined; lastKnownFileType = unknown; explicitFileType = undefined; includeInIndex = 0; };
		93AF7CD843D84463A06AE9D0 /* FontAwesome5_Regular.ttf */ = {isa = PBXFileReference; name = "FontAwesome5_Regular.ttf"; path = "../node_modules/react-native-vector-icons/Fonts/FontAwesome5_Regular.ttf"; sourceTree = "<group>"; fileEncoding = undefined; lastKnownFileType = unknown; explicitFileType = undefined; includeInIndex = 0; };
		E128126559DA46C4953FC878 /* FontAwesome5_Solid.ttf */ = {isa = PBXFileReference; name = "FontAwesome5_Solid.ttf"; path = "../node_modules/react-native-vector-icons/Fonts/FontAwesome5_Solid.ttf"; sourceTree = "<group>"; fileEncoding = undefined; lastKnownFileType = unknown; explicitFileType = undefined; includeInIndex = 0; };
		C91CB9DBC1EC4201B9A3049C /* Fontisto.ttf */ = {isa = PBXFileReference; name = "Fontisto.ttf"; path = "../node_modules/react-native-vector-icons/Fonts/Fontisto.ttf"; sourceTree = "<group>"; fileEncoding = undefined; lastKnownFileType = unknown; explicitFileType = undefined; includeInIndex = 0; };
		B7A9D5EBD4D048EC9303CAB1 /* Foundation.ttf */ = {isa = PBXFileReference; name = "Foundation.ttf"; path = "../node_modules/react-native-vector-icons/Fonts/Foundation.ttf"; sourceTree = "<group>"; fileEncoding = undefined; lastKnownFileType = unknown; explicitFileType = undefined; includeInIndex = 0; };
		AE9A7399FD2A4A02B76EDC5C /* Ionicons.ttf */ = {isa = PBXFileReference; name = "Ionicons.ttf"; path = "../node_modules/react-native-vector-icons/Fonts/Ionicons.ttf"; sourceTree = "<group>"; fileEncoding = undefined; lastKnownFileType = unknown; explicitFileType = undefined; includeInIndex = 0; };
		8B4F86B279914D54A8B2DEB7 /* MaterialCommunityIcons.ttf */ = {isa = PBXFileReference; name = "MaterialCommunityIcons.ttf"; path = "../node_modules/react-native-vector-icons/Fonts/MaterialCommunityIcons.ttf"; sourceTree = "<group>"; fileEncoding = undefined; lastKnownFileType = unknown; explicitFileType = undefined; includeInIndex = 0; };
		578F790D2F354DA982B87182 /* MaterialIcons.ttf */ = {isa = PBXFileReference; name = "MaterialIcons.ttf"; path = "../node_modules/react-native-vector-icons/Fonts/MaterialIcons.ttf"; sourceTree = "<group>"; fileEncoding = undefined; lastKnownFileType = unknown; explicitFileType = undefined; includeInIndex = 0; };
		D1C129CF9ABE4C19AFCEBF07 /* Octicons.ttf */ = {isa = PBXFileReference; name = "Octicons.ttf"; path = "../node_modules/react-native-vector-icons/Fonts/Octicons.ttf"; sourceTree = "<group>"; fileEncoding = undefined; lastKnownFileType = unknown; explicitFileType = undefined; includeInIndex = 0; };
		849E6386267E46D1A1BFC197 /* SimpleLineIcons.ttf */ = {isa = PBXFileReference; name = "SimpleLineIcons.ttf"; path = "../node_modules/react-native-vector-icons/Fonts/SimpleLineIcons.ttf"; sourceTree = "<group>"; fileEncoding = undefined; lastKnownFileType = unknown; explicitFileType = undefined; includeInIndex = 0; };
		FD38E5C1760844C6B8E47B62 /* Zocial.ttf */ = {isa = PBXFileReference; name = "Zocial.ttf"; path = "../node_modules/react-native-vector-icons/Fonts/Zocial.ttf"; sourceTree = "<group>"; fileEncoding = undefined; lastKnownFileType = unknown; explicitFileType = undefined; includeInIndex = 0; };
		7D599618AA8E4A699E1D6364 /* OpenSans-Bold.ttf */ = {isa = PBXFileReference; name = "OpenSans-Bold.ttf"; path = "../assets/fonts/OpenSans-Bold.ttf"; sourceTree = "<group>"; fileEncoding = undefined; lastKnownFileType = unknown; explicitFileType = undefined; includeInIndex = 0; };
		A0B6CDBFA8B04EADAAFED6AA /* OpenSans-BoldItalic.ttf */ = {isa = PBXFileReference; name = "OpenSans-BoldItalic.ttf"; path = "../assets/fonts/OpenSans-BoldItalic.ttf"; sourceTree = "<group>"; fileEncoding = undefined; lastKnownFileType = unknown; explicitFileType = undefined; includeInIndex = 0; };
		BA55E701E7894BBAB7006A59 /* OpenSans-ExtraBold.ttf */ = {isa = PBXFileReference; name = "OpenSans-ExtraBold.ttf"; path = "../assets/fonts/OpenSans-ExtraBold.ttf"; sourceTree = "<group>"; fileEncoding = undefined; lastKnownFileType = unknown; explicitFileType = undefined; includeInIndex = 0; };
		F2B0ACA104474E4BBC755AA9 /* OpenSans-ExtraBoldItalic.ttf */ = {isa = PBXFileReference; name = "OpenSans-ExtraBoldItalic.ttf"; path = "../assets/fonts/OpenSans-ExtraBoldItalic.ttf"; sourceTree = "<group>"; fileEncoding = undefined; lastKnownFileType = unknown; explicitFileType = undefined; includeInIndex = 0; };
		B899EC15A6314D8FB5F03F4F /* OpenSans-Italic.ttf */ = {isa = PBXFileReference; name = "OpenSans-Italic.ttf"; path = "../assets/fonts/OpenSans-Italic.ttf"; sourceTree = "<group>"; fileEncoding = undefined; lastKnownFileType = unknown; explicitFileType = undefined; includeInIndex = 0; };
		AD01FB82612A4462A310AF68 /* OpenSans-Light.ttf */ = {isa = PBXFileReference; name = "OpenSans-Light.ttf"; path = "../assets/fonts/OpenSans-Light.ttf"; sourceTree = "<group>"; fileEncoding = undefined; lastKnownFileType = unknown; explicitFileType = undefined; includeInIndex = 0; };
		80C4D706E4E34E86ACDD22D1 /* OpenSans-LightItalic.ttf */ = {isa = PBXFileReference; name = "OpenSans-LightItalic.ttf"; path = "../assets/fonts/OpenSans-LightItalic.ttf"; sourceTree = "<group>"; fileEncoding = undefined; lastKnownFileType = unknown; explicitFileType = undefined; includeInIndex = 0; };
		739841E7CFB74079AF037759 /* OpenSans-Regular.ttf */ = {isa = PBXFileReference; name = "OpenSans-Regular.ttf"; path = "../assets/fonts/OpenSans-Regular.ttf"; sourceTree = "<group>"; fileEncoding = undefined; lastKnownFileType = unknown; explicitFileType = undefined; includeInIndex = 0; };
		D0E5FEAF6D804F6B96D29A78 /* OpenSans-SemiBold.ttf */ = {isa = PBXFileReference; name = "OpenSans-SemiBold.ttf"; path = "../assets/fonts/OpenSans-SemiBold.ttf"; sourceTree = "<group>"; fileEncoding = undefined; lastKnownFileType = unknown; explicitFileType = undefined; includeInIndex = 0; };
		0481A9542C3946DF9A664E8A /* OpenSans-SemiBoldItalic.ttf */ = {isa = PBXFileReference; name = "OpenSans-SemiBoldItalic.ttf"; path = "../assets/fonts/OpenSans-SemiBoldItalic.ttf"; sourceTree = "<group>"; fileEncoding = undefined; lastKnownFileType = unknown; explicitFileType = undefined; includeInIndex = 0; };
		9919EC3C056247C2B88CC0BC /* Montserrat-Black.ttf */ = {isa = PBXFileReference; name = "Montserrat-Black.ttf"; path = "../assets/fonts/Montserrat-Black.ttf"; sourceTree = "<group>"; fileEncoding = undefined; lastKnownFileType = unknown; explicitFileType = undefined; includeInIndex = 0; };
		A71952D5A74F4243972CA5C7 /* Montserrat-BlackItalic.ttf */ = {isa = PBXFileReference; name = "Montserrat-BlackItalic.ttf"; path = "../assets/fonts/Montserrat-BlackItalic.ttf"; sourceTree = "<group>"; fileEncoding = undefined; lastKnownFileType = unknown; explicitFileType = undefined; includeInIndex = 0; };
		50B8614CE2E14DD3A760B1B1 /* Montserrat-Bold.ttf */ = {isa = PBXFileReference; name = "Montserrat-Bold.ttf"; path = "../assets/fonts/Montserrat-Bold.ttf"; sourceTree = "<group>"; fileEncoding = undefined; lastKnownFileType = unknown; explicitFileType = undefined; includeInIndex = 0; };
		5530237C2C4F41FCBB875AE5 /* Montserrat-BoldItalic.ttf */ = {isa = PBXFileReference; name = "Montserrat-BoldItalic.ttf"; path = "../assets/fonts/Montserrat-BoldItalic.ttf"; sourceTree = "<group>"; fileEncoding = undefined; lastKnownFileType = unknown; explicitFileType = undefined; includeInIndex = 0; };
		F0C94A816AB3423F89633C56 /* Montserrat-ExtraBold.ttf */ = {isa = PBXFileReference; name = "Montserrat-ExtraBold.ttf"; path = "../assets/fonts/Montserrat-ExtraBold.ttf"; sourceTree = "<group>"; fileEncoding = undefined; lastKnownFileType = unknown; explicitFileType = undefined; includeInIndex = 0; };
		3DB9C98463EB411F929B31A3 /* Montserrat-ExtraBoldItalic.ttf */ = {isa = PBXFileReference; name = "Montserrat-ExtraBoldItalic.ttf"; path = "../assets/fonts/Montserrat-ExtraBoldItalic.ttf"; sourceTree = "<group>"; fileEncoding = undefined; lastKnownFileType = unknown; explicitFileType = undefined; includeInIndex = 0; };
		F3486D62CD814401A21961AC /* Montserrat-ExtraLight.ttf */ = {isa = PBXFileReference; name = "Montserrat-ExtraLight.ttf"; path = "../assets/fonts/Montserrat-ExtraLight.ttf"; sourceTree = "<group>"; fileEncoding = undefined; lastKnownFileType = unknown; explicitFileType = undefined; includeInIndex = 0; };
		23B29F0491D84DFEAB0C2479 /* Montserrat-ExtraLightItalic.ttf */ = {isa = PBXFileReference; name = "Montserrat-ExtraLightItalic.ttf"; path = "../assets/fonts/Montserrat-ExtraLightItalic.ttf"; sourceTree = "<group>"; fileEncoding = undefined; lastKnownFileType = unknown; explicitFileType = undefined; includeInIndex = 0; };
		70CE5400733A4B799FCAD98F /* Montserrat-Italic.ttf */ = {isa = PBXFileReference; name = "Montserrat-Italic.ttf"; path = "../assets/fonts/Montserrat-Italic.ttf"; sourceTree = "<group>"; fileEncoding = undefined; lastKnownFileType = unknown; explicitFileType = undefined; includeInIndex = 0; };
		D6C87175DD714EA4A0DD2DB7 /* Montserrat-Light.ttf */ = {isa = PBXFileReference; name = "Montserrat-Light.ttf"; path = "../assets/fonts/Montserrat-Light.ttf"; sourceTree = "<group>"; fileEncoding = undefined; lastKnownFileType = unknown; explicitFileType = undefined; includeInIndex = 0; };
		E4DE72799170429D95DF3F18 /* Montserrat-LightItalic.ttf */ = {isa = PBXFileReference; name = "Montserrat-LightItalic.ttf"; path = "../assets/fonts/Montserrat-LightItalic.ttf"; sourceTree = "<group>"; fileEncoding = undefined; lastKnownFileType = unknown; explicitFileType = undefined; includeInIndex = 0; };
		AE7B60D196724FBFA2D02F17 /* Montserrat-Medium.ttf */ = {isa = PBXFileReference; name = "Montserrat-Medium.ttf"; path = "../assets/fonts/Montserrat-Medium.ttf"; sourceTree = "<group>"; fileEncoding = undefined; lastKnownFileType = unknown; explicitFileType = undefined; includeInIndex = 0; };
		5A3001DE89634FE799C6F574 /* Montserrat-MediumItalic.ttf */ = {isa = PBXFileReference; name = "Montserrat-MediumItalic.ttf"; path = "../assets/fonts/Montserrat-MediumItalic.ttf"; sourceTree = "<group>"; fileEncoding = undefined; lastKnownFileType = unknown; explicitFileType = undefined; includeInIndex = 0; };
		80601683B4C74D8E8BAB6A85 /* Montserrat-Regular.ttf */ = {isa = PBXFileReference; name = "Montserrat-Regular.ttf"; path = "../assets/fonts/Montserrat-Regular.ttf"; sourceTree = "<group>"; fileEncoding = undefined; lastKnownFileType = unknown; explicitFileType = undefined; includeInIndex = 0; };
		AA50203308264FABB5549924 /* Montserrat-SemiBold.ttf */ = {isa = PBXFileReference; name = "Montserrat-SemiBold.ttf"; path = "../assets/fonts/Montserrat-SemiBold.ttf"; sourceTree = "<group>"; fileEncoding = undefined; lastKnownFileType = unknown; explicitFileType = undefined; includeInIndex = 0; };
		55B053D261C44D7FB2C08B33 /* Montserrat-SemiBoldItalic.ttf */ = {isa = PBXFileReference; name = "Montserrat-SemiBoldItalic.ttf"; path = "../assets/fonts/Montserrat-SemiBoldItalic.ttf"; sourceTree = "<group>"; fileEncoding = undefined; lastKnownFileType = unknown; explicitFileType = undefined; includeInIndex = 0; };
		99FE5EA28BF944438811B2AF /* Montserrat-Thin.ttf */ = {isa = PBXFileReference; name = "Montserrat-Thin.ttf"; path = "../assets/fonts/Montserrat-Thin.ttf"; sourceTree = "<group>"; fileEncoding = undefined; lastKnownFileType = unknown; explicitFileType = undefined; includeInIndex = 0; };
		43D84E7A425741ACAB1B1ED7 /* Montserrat-ThinItalic.ttf */ = {isa = PBXFileReference; name = "Montserrat-ThinItalic.ttf"; path = "../assets/fonts/Montserrat-ThinItalic.ttf"; sourceTree = "<group>"; fileEncoding = undefined; lastKnownFileType = unknown; explicitFileType = undefined; includeInIndex = 0; };
		F41C557739344391BBF34B22 /* RedHatText-Bold.ttf */ = {isa = PBXFileReference; name = "RedHatText-Bold.ttf"; path = "../assets/fonts/RedHatText-Bold.ttf"; sourceTree = "<group>"; fileEncoding = undefined; lastKnownFileType = unknown; explicitFileType = undefined; includeInIndex = 0; };
		B55F18E68B80499F80BBB39B /* RedHatText-BoldItalic.ttf */ = {isa = PBXFileReference; name = "RedHatText-BoldItalic.ttf"; path = "../assets/fonts/RedHatText-BoldItalic.ttf"; sourceTree = "<group>"; fileEncoding = undefined; lastKnownFileType = unknown; explicitFileType = undefined; includeInIndex = 0; };
		8984B3EB6C584B238705276A /* RedHatText-Italic-VariableFont_wght.ttf */ = {isa = PBXFileReference; name = "RedHatText-Italic-VariableFont_wght.ttf"; path = "../assets/fonts/RedHatText-Italic-VariableFont_wght.ttf"; sourceTree = "<group>"; fileEncoding = undefined; lastKnownFileType = unknown; explicitFileType = undefined; includeInIndex = 0; };
		91412640C13048E3B20187BE /* RedHatText-Italic.ttf */ = {isa = PBXFileReference; name = "RedHatText-Italic.ttf"; path = "../assets/fonts/RedHatText-Italic.ttf"; sourceTree = "<group>"; fileEncoding = undefined; lastKnownFileType = unknown; explicitFileType = undefined; includeInIndex = 0; };
		E4B926F310CF43A9AB8A60DD /* RedHatText-Light.ttf */ = {isa = PBXFileReference; name = "RedHatText-Light.ttf"; path = "../assets/fonts/RedHatText-Light.ttf"; sourceTree = "<group>"; fileEncoding = undefined; lastKnownFileType = unknown; explicitFileType = undefined; includeInIndex = 0; };
		D3C64451D5E14A4B8FE63311 /* RedHatText-LightItalic.ttf */ = {isa = PBXFileReference; name = "RedHatText-LightItalic.ttf"; path = "../assets/fonts/RedHatText-LightItalic.ttf"; sourceTree = "<group>"; fileEncoding = undefined; lastKnownFileType = unknown; explicitFileType = undefined; includeInIndex = 0; };
		660A2477EF75416987E19821 /* RedHatText-Medium.ttf */ = {isa = PBXFileReference; name = "RedHatText-Medium.ttf"; path = "../assets/fonts/RedHatText-Medium.ttf"; sourceTree = "<group>"; fileEncoding = undefined; lastKnownFileType = unknown; explicitFileType = undefined; includeInIndex = 0; };
		8AB85F0B82554E7BA3AE8378 /* RedHatText-MediumItalic.ttf */ = {isa = PBXFileReference; name = "RedHatText-MediumItalic.ttf"; path = "../assets/fonts/RedHatText-MediumItalic.ttf"; sourceTree = "<group>"; fileEncoding = undefined; lastKnownFileType = unknown; explicitFileType = undefined; includeInIndex = 0; };
		1AAF0F6F5E904AEFAAF44413 /* RedHatText-Regular.ttf */ = {isa = PBXFileReference; name = "RedHatText-Regular.ttf"; path = "../assets/fonts/RedHatText-Regular.ttf"; sourceTree = "<group>"; fileEncoding = undefined; lastKnownFileType = unknown; explicitFileType = undefined; includeInIndex = 0; };
		D899C7681D564F829ADBB644 /* RedHatText-SemiBold.ttf */ = {isa = PBXFileReference; name = "RedHatText-SemiBold.ttf"; path = "../assets/fonts/RedHatText-SemiBold.ttf"; sourceTree = "<group>"; fileEncoding = undefined; lastKnownFileType = unknown; explicitFileType = undefined; includeInIndex = 0; };
		4C70888A640847B0A67E5C9E /* RedHatText-SemiBoldItalic.ttf */ = {isa = PBXFileReference; name = "RedHatText-SemiBoldItalic.ttf"; path = "../assets/fonts/RedHatText-SemiBoldItalic.ttf"; sourceTree = "<group>"; fileEncoding = undefined; lastKnownFileType = unknown; explicitFileType = undefined; includeInIndex = 0; };
		74FFAA909A93473AA612498E /* RedHatText-VariableFont_wght.ttf */ = {isa = PBXFileReference; name = "RedHatText-VariableFont_wght.ttf"; path = "../assets/fonts/RedHatText-VariableFont_wght.ttf"; sourceTree = "<group>"; fileEncoding = undefined; lastKnownFileType = unknown; explicitFileType = undefined; includeInIndex = 0; };
/* End PBXFileReference section */

/* Begin PBXFrameworksBuildPhase section */
		00E356EB1AD99517003FC87E /* Frameworks */ = {
			isa = PBXFrameworksBuildPhase;
			buildActionMask = 2147483647;
			files = (
			);
			runOnlyForDeploymentPostprocessing = 0;
		};
		13B07F8C1A680F5B00A75B9A /* Frameworks */ = {
			isa = PBXFrameworksBuildPhase;
			buildActionMask = 2147483647;
			files = (
			);
			runOnlyForDeploymentPostprocessing = 0;
		};
/* End PBXFrameworksBuildPhase section */

/* Begin PBXGroup section */
		00E356EF1AD99517003FC87E /* ElecturaTests */ = {
			isa = PBXGroup;
			children = (
				00E356F21AD99517003FC87E /* ElecturaTests.m */,
				00E356F01AD99517003FC87E /* Supporting Files */,
			);
			path = ElecturaTests;
			sourceTree = "<group>";
		};
		00E356F01AD99517003FC87E /* Supporting Files */ = {
			isa = PBXGroup;
			children = (
				00E356F11AD99517003FC87E /* Info.plist */,
			);
			name = "Supporting Files";
			sourceTree = "<group>";
		};
		13B07FAE1A68108700A75B9A /* Electura */ = {
			isa = PBXGroup;
			children = (
				13B07FAF1A68108700A75B9A /* AppDelegate.h */,
				13B07FB01A68108700A75B9A /* AppDelegate.m */,
				13B07FB51A68108700A75B9A /* Images.xcassets */,
				13B07FB61A68108700A75B9A /* Info.plist */,
				81AB9BB72411601600AC10FF /* LaunchScreen.storyboard */,
				13B07FB71A68108700A75B9A /* main.m */,
			);
			name = Electura;
			sourceTree = "<group>";
		};
		2D16E6871FA4F8E400B85C8A /* Frameworks */ = {
			isa = PBXGroup;
			children = (
				ED297162215061F000B7C4FE /* JavaScriptCore.framework */,
			);
			name = Frameworks;
			sourceTree = "<group>";
		};
		832341AE1AAA6A7D00B99B32 /* Libraries */ = {
			isa = PBXGroup;
			children = (
			);
			name = Libraries;
			sourceTree = "<group>";
		};
		83CBB9F61A601CBA00E9B192 = {
			isa = PBXGroup;
			children = (
				13B07FAE1A68108700A75B9A /* Electura */,
				832341AE1AAA6A7D00B99B32 /* Libraries */,
				00E356EF1AD99517003FC87E /* ElecturaTests */,
				83CBBA001A601CBA00E9B192 /* Products */,
				2D16E6871FA4F8E400B85C8A /* Frameworks */,
				542C9FB6CF3647ADA14ED434 /* Resources */,
			);
			indentWidth = 2;
			sourceTree = "<group>";
			tabWidth = 2;
			usesTabs = 0;
		};
		83CBBA001A601CBA00E9B192 /* Products */ = {
			isa = PBXGroup;
			children = (
				13B07F961A680F5B00A75B9A /* Electura.app */,
				00E356EE1AD99517003FC87E /* ElecturaTests.xctest */,
			);
			name = Products;
			sourceTree = "<group>";
		};
		542C9FB6CF3647ADA14ED434 /* Resources */ = {
			isa = "PBXGroup";
			children = (
				7505A158C5FF45B8AE946324 /* AntDesign.ttf */,
				5EE21DC3B61F46CF9C02DF83 /* Entypo.ttf */,
				5F05C8CDA74C42A381E0FE5D /* EvilIcons.ttf */,
				4924902A11A44460B6971326 /* Feather.ttf */,
				57FAA810FF2C4DACA061BDA4 /* FontAwesome.ttf */,
				16BEB7FAA4054131AB8EB7F3 /* FontAwesome5_Brands.ttf */,
				93AF7CD843D84463A06AE9D0 /* FontAwesome5_Regular.ttf */,
				E128126559DA46C4953FC878 /* FontAwesome5_Solid.ttf */,
				C91CB9DBC1EC4201B9A3049C /* Fontisto.ttf */,
				B7A9D5EBD4D048EC9303CAB1 /* Foundation.ttf */,
				AE9A7399FD2A4A02B76EDC5C /* Ionicons.ttf */,
				8B4F86B279914D54A8B2DEB7 /* MaterialCommunityIcons.ttf */,
				578F790D2F354DA982B87182 /* MaterialIcons.ttf */,
				D1C129CF9ABE4C19AFCEBF07 /* Octicons.ttf */,
				849E6386267E46D1A1BFC197 /* SimpleLineIcons.ttf */,
				FD38E5C1760844C6B8E47B62 /* Zocial.ttf */,
				7D599618AA8E4A699E1D6364 /* OpenSans-Bold.ttf */,
				A0B6CDBFA8B04EADAAFED6AA /* OpenSans-BoldItalic.ttf */,
				BA55E701E7894BBAB7006A59 /* OpenSans-ExtraBold.ttf */,
				F2B0ACA104474E4BBC755AA9 /* OpenSans-ExtraBoldItalic.ttf */,
				B899EC15A6314D8FB5F03F4F /* OpenSans-Italic.ttf */,
				AD01FB82612A4462A310AF68 /* OpenSans-Light.ttf */,
				80C4D706E4E34E86ACDD22D1 /* OpenSans-LightItalic.ttf */,
				739841E7CFB74079AF037759 /* OpenSans-Regular.ttf */,
				D0E5FEAF6D804F6B96D29A78 /* OpenSans-SemiBold.ttf */,
				0481A9542C3946DF9A664E8A /* OpenSans-SemiBoldItalic.ttf */,
				9919EC3C056247C2B88CC0BC /* Montserrat-Black.ttf */,
				A71952D5A74F4243972CA5C7 /* Montserrat-BlackItalic.ttf */,
				50B8614CE2E14DD3A760B1B1 /* Montserrat-Bold.ttf */,
				5530237C2C4F41FCBB875AE5 /* Montserrat-BoldItalic.ttf */,
				F0C94A816AB3423F89633C56 /* Montserrat-ExtraBold.ttf */,
				3DB9C98463EB411F929B31A3 /* Montserrat-ExtraBoldItalic.ttf */,
				F3486D62CD814401A21961AC /* Montserrat-ExtraLight.ttf */,
				23B29F0491D84DFEAB0C2479 /* Montserrat-ExtraLightItalic.ttf */,
				70CE5400733A4B799FCAD98F /* Montserrat-Italic.ttf */,
				D6C87175DD714EA4A0DD2DB7 /* Montserrat-Light.ttf */,
				E4DE72799170429D95DF3F18 /* Montserrat-LightItalic.ttf */,
				AE7B60D196724FBFA2D02F17 /* Montserrat-Medium.ttf */,
				5A3001DE89634FE799C6F574 /* Montserrat-MediumItalic.ttf */,
				80601683B4C74D8E8BAB6A85 /* Montserrat-Regular.ttf */,
				AA50203308264FABB5549924 /* Montserrat-SemiBold.ttf */,
				55B053D261C44D7FB2C08B33 /* Montserrat-SemiBoldItalic.ttf */,
				99FE5EA28BF944438811B2AF /* Montserrat-Thin.ttf */,
				43D84E7A425741ACAB1B1ED7 /* Montserrat-ThinItalic.ttf */,
				F41C557739344391BBF34B22 /* RedHatText-Bold.ttf */,
				B55F18E68B80499F80BBB39B /* RedHatText-BoldItalic.ttf */,
				8984B3EB6C584B238705276A /* RedHatText-Italic-VariableFont_wght.ttf */,
				91412640C13048E3B20187BE /* RedHatText-Italic.ttf */,
				E4B926F310CF43A9AB8A60DD /* RedHatText-Light.ttf */,
				D3C64451D5E14A4B8FE63311 /* RedHatText-LightItalic.ttf */,
				660A2477EF75416987E19821 /* RedHatText-Medium.ttf */,
				8AB85F0B82554E7BA3AE8378 /* RedHatText-MediumItalic.ttf */,
				1AAF0F6F5E904AEFAAF44413 /* RedHatText-Regular.ttf */,
				D899C7681D564F829ADBB644 /* RedHatText-SemiBold.ttf */,
				4C70888A640847B0A67E5C9E /* RedHatText-SemiBoldItalic.ttf */,
				74FFAA909A93473AA612498E /* RedHatText-VariableFont_wght.ttf */,
			);
			name = Resources;
			sourceTree = "<group>";
			path = "";
		};
/* End PBXGroup section */

/* Begin PBXNativeTarget section */
		00E356ED1AD99517003FC87E /* ElecturaTests */ = {
			isa = PBXNativeTarget;
			buildConfigurationList = 00E357021AD99517003FC87E /* Build configuration list for PBXNativeTarget "ElecturaTests" */;
			buildPhases = (
				00E356EA1AD99517003FC87E /* Sources */,
				00E356EB1AD99517003FC87E /* Frameworks */,
				00E356EC1AD99517003FC87E /* Resources */,
			);
			buildRules = (
			);
			dependencies = (
				00E356F51AD99517003FC87E /* PBXTargetDependency */,
			);
			name = ElecturaTests;
			productName = ElecturaTests;
			productReference = 00E356EE1AD99517003FC87E /* ElecturaTests.xctest */;
			productType = "com.apple.product-type.bundle.unit-test";
		};
		13B07F861A680F5B00A75B9A /* Electura */ = {
			isa = PBXNativeTarget;
			buildConfigurationList = 13B07F931A680F5B00A75B9A /* Build configuration list for PBXNativeTarget "Electura" */;
			buildPhases = (
				FD10A7F022414F080027D42C /* Start Packager */,
				13B07F871A680F5B00A75B9A /* Sources */,
				13B07F8C1A680F5B00A75B9A /* Frameworks */,
				13B07F8E1A680F5B00A75B9A /* Resources */,
				00DD1BFF1BD5951E006B06BC /* Bundle React Native code and images */,
			);
			buildRules = (
			);
			dependencies = (
			);
			name = Electura;
			productName = Electura;
			productReference = 13B07F961A680F5B00A75B9A /* Electura.app */;
			productType = "com.apple.product-type.application";
		};
/* End PBXNativeTarget section */

/* Begin PBXProject section */
		83CBB9F71A601CBA00E9B192 /* Project object */ = {
			isa = PBXProject;
			attributes = {
				LastUpgradeCheck = 1210;
				TargetAttributes = {
					00E356ED1AD99517003FC87E = {
						CreatedOnToolsVersion = 6.2;
						TestTargetID = 13B07F861A680F5B00A75B9A;
					};
					13B07F861A680F5B00A75B9A = {
						LastSwiftMigration = 1120;
					};
				};
			};
			buildConfigurationList = 83CBB9FA1A601CBA00E9B192 /* Build configuration list for PBXProject "Electura" */;
			compatibilityVersion = "Xcode 12.0";
			developmentRegion = en;
			hasScannedForEncodings = 0;
			knownRegions = (
				en,
				Base,
			);
			mainGroup = 83CBB9F61A601CBA00E9B192;
			productRefGroup = 83CBBA001A601CBA00E9B192 /* Products */;
			projectDirPath = "";
			projectRoot = "";
			targets = (
				13B07F861A680F5B00A75B9A /* Electura */,
				00E356ED1AD99517003FC87E /* ElecturaTests */,
			);
		};
/* End PBXProject section */

/* Begin PBXResourcesBuildPhase section */
		00E356EC1AD99517003FC87E /* Resources */ = {
			isa = PBXResourcesBuildPhase;
			buildActionMask = 2147483647;
			files = (
			);
			runOnlyForDeploymentPostprocessing = 0;
		};
		13B07F8E1A680F5B00A75B9A /* Resources */ = {
			isa = PBXResourcesBuildPhase;
			buildActionMask = 2147483647;
			files = (
				81AB9BB82411601600AC10FF /* LaunchScreen.storyboard in Resources */,
				13B07FBF1A68108700A75B9A /* Images.xcassets in Resources */,
				6862D144844847FD946DB8B3 /* AntDesign.ttf in Resources */,
				208500137D794DFA954D3B93 /* Entypo.ttf in Resources */,
				B767F584B7434AEB873C5ABF /* EvilIcons.ttf in Resources */,
				44AB66C3F3D44912A2DA308E /* Feather.ttf in Resources */,
				080751A7C6244698B5F32A29 /* FontAwesome.ttf in Resources */,
				2B0DF2F24BFF4CCAAE1A0D31 /* FontAwesome5_Brands.ttf in Resources */,
				D3C4396F426040BD9564A63A /* FontAwesome5_Regular.ttf in Resources */,
				84DED7D7F9074C0C9057CD69 /* FontAwesome5_Solid.ttf in Resources */,
				7329C9DB1334406DBEB05986 /* Fontisto.ttf in Resources */,
				EC136B51F3734E989E61F405 /* Foundation.ttf in Resources */,
				3605DD6DAF6F4014A261AB8A /* Ionicons.ttf in Resources */,
				09454D489F184589B5508B1F /* MaterialCommunityIcons.ttf in Resources */,
				008270E8C6B040E497A7B539 /* MaterialIcons.ttf in Resources */,
				D220E4732B1447A491BE6C6B /* Octicons.ttf in Resources */,
				983C20D547FF4CE9A9A9ACD9 /* SimpleLineIcons.ttf in Resources */,
				C553FFCE80CC4A6085D7629C /* Zocial.ttf in Resources */,
				C73D3AFA091A42C390DBBE41 /* OpenSans-Bold.ttf in Resources */,
				444F15A72C3F4F79B0735126 /* OpenSans-BoldItalic.ttf in Resources */,
				E4121050CDCF4C1FBE218AF5 /* OpenSans-ExtraBold.ttf in Resources */,
				C183BD2C7F664AB6A5306C41 /* OpenSans-ExtraBoldItalic.ttf in Resources */,
				ED6870DBD6224169B810B7D8 /* OpenSans-Italic.ttf in Resources */,
				14F776E9B24B49CF9BD9B3E1 /* OpenSans-Light.ttf in Resources */,
				1770A3D9F00448AF8B8A1F14 /* OpenSans-LightItalic.ttf in Resources */,
				DBD034AC4DBD49B296F98011 /* OpenSans-Regular.ttf in Resources */,
				53A4F7E0CE204D3F8759834F /* OpenSans-SemiBold.ttf in Resources */,
				FA0CC66A1C4D4644852D6CB1 /* OpenSans-SemiBoldItalic.ttf in Resources */,
				E96F304054DD4E319F8DF35A /* Montserrat-Black.ttf in Resources */,
				84DDF5C9FEEB4B2DB2349DE6 /* Montserrat-BlackItalic.ttf in Resources */,
				D8C2011A02CB4D078FD829DB /* Montserrat-Bold.ttf in Resources */,
				596ED6D80382432BB3F7F638 /* Montserrat-BoldItalic.ttf in Resources */,
				2C550F8C9857412BA52E7C66 /* Montserrat-ExtraBold.ttf in Resources */,
				959ABB416F0446289710FB2B /* Montserrat-ExtraBoldItalic.ttf in Resources */,
				12AA9FAA9A6A4CCABAFEF2EE /* Montserrat-ExtraLight.ttf in Resources */,
				DE5D6F87AA6B4D14B887C057 /* Montserrat-ExtraLightItalic.ttf in Resources */,
				8517A7190166480083B5EC8D /* Montserrat-Italic.ttf in Resources */,
				3C8AC93D8BD74281AAC78986 /* Montserrat-Light.ttf in Resources */,
				F73C3267EF7B4EEF9ADFC0E0 /* Montserrat-LightItalic.ttf in Resources */,
				EFF45926FD064AAF94A06610 /* Montserrat-Medium.ttf in Resources */,
				D71285FB88354962A907DA9D /* Montserrat-MediumItalic.ttf in Resources */,
				F69FC0329B1441998AD28674 /* Montserrat-Regular.ttf in Resources */,
				DC7B875E48494C6BA6B2B9B3 /* Montserrat-SemiBold.ttf in Resources */,
				8AD56BD2A0CB4F699A1C4C07 /* Montserrat-SemiBoldItalic.ttf in Resources */,
				7B42D6F1DD7C4C0DBFCCBC47 /* Montserrat-Thin.ttf in Resources */,
				4BC7F83642FF458292424C02 /* Montserrat-ThinItalic.ttf in Resources */,
				4D50A7BD293C43CAA061A4E9 /* RedHatText-Bold.ttf in Resources */,
				7233D1F5D068487196FF52C5 /* RedHatText-BoldItalic.ttf in Resources */,
				C0D670AC1410467DA20792BE /* RedHatText-Italic-VariableFont_wght.ttf in Resources */,
				BE9CFB3132654B32801FD8FD /* RedHatText-Italic.ttf in Resources */,
				904B54A6A3334E7B91650B67 /* RedHatText-Light.ttf in Resources */,
				D3B52930B0D341928E6747FE /* RedHatText-LightItalic.ttf in Resources */,
				F3FBD00F1298458AA7ED56ED /* RedHatText-Medium.ttf in Resources */,
				C7A1BE0A2B624006B7A7EE4C /* RedHatText-MediumItalic.ttf in Resources */,
				1B88F4F9F9F542419E75BB0C /* RedHatText-Regular.ttf in Resources */,
				A5A4502699CE4CF48FAA1621 /* RedHatText-SemiBold.ttf in Resources */,
				94E1B17C96BC4F21BD3DD030 /* RedHatText-SemiBoldItalic.ttf in Resources */,
				A42C9F1DB48748C685770CB9 /* RedHatText-VariableFont_wght.ttf in Resources */,
			);
			runOnlyForDeploymentPostprocessing = 0;
		};
/* End PBXResourcesBuildPhase section */

/* Begin PBXShellScriptBuildPhase section */
		00DD1BFF1BD5951E006B06BC /* Bundle React Native code and images */ = {
			isa = PBXShellScriptBuildPhase;
			buildActionMask = 2147483647;
			files = (
			);
			inputPaths = (
			);
			name = "Bundle React Native code and images";
			outputPaths = (
			);
			runOnlyForDeploymentPostprocessing = 0;
			shellPath = /bin/sh;
			shellScript = "set -e\n\nexport NODE_BINARY=node\n../node_modules/react-native/scripts/react-native-xcode.sh\n";
		};
		FD10A7F022414F080027D42C /* Start Packager */ = {
			isa = PBXShellScriptBuildPhase;
			buildActionMask = 2147483647;
			files = (
			);
			inputFileListPaths = (
			);
			inputPaths = (
			);
			name = "Start Packager";
			outputFileListPaths = (
			);
			outputPaths = (
			);
			runOnlyForDeploymentPostprocessing = 0;
			shellPath = /bin/sh;
			shellScript = "export RCT_METRO_PORT=\"${RCT_METRO_PORT:=8081}\"\necho \"export RCT_METRO_PORT=${RCT_METRO_PORT}\" > \"${SRCROOT}/../node_modules/react-native/scripts/.packager.env\"\nif [ -z \"${RCT_NO_LAUNCH_PACKAGER+xxx}\" ] ; then\n  if nc -w 5 -z localhost ${RCT_METRO_PORT} ; then\n    if ! curl -s \"http://localhost:${RCT_METRO_PORT}/status\" | grep -q \"packager-status:running\" ; then\n      echo \"Port ${RCT_METRO_PORT} already in use, packager is either not running or not running correctly\"\n      exit 2\n    fi\n  else\n    open \"$SRCROOT/../node_modules/react-native/scripts/launchPackager.command\" || echo \"Can't start packager automatically\"\n  fi\nfi\n";
			showEnvVarsInLog = 0;
		};
/* End PBXShellScriptBuildPhase section */

/* Begin PBXSourcesBuildPhase section */
		00E356EA1AD99517003FC87E /* Sources */ = {
			isa = PBXSourcesBuildPhase;
			buildActionMask = 2147483647;
			files = (
				00E356F31AD99517003FC87E /* ElecturaTests.m in Sources */,
			);
			runOnlyForDeploymentPostprocessing = 0;
		};
		13B07F871A680F5B00A75B9A /* Sources */ = {
			isa = PBXSourcesBuildPhase;
			buildActionMask = 2147483647;
			files = (
				13B07FBC1A68108700A75B9A /* AppDelegate.m in Sources */,
				13B07FC11A68108700A75B9A /* main.m in Sources */,
			);
			runOnlyForDeploymentPostprocessing = 0;
		};
/* End PBXSourcesBuildPhase section */

/* Begin PBXTargetDependency section */
		00E356F51AD99517003FC87E /* PBXTargetDependency */ = {
			isa = PBXTargetDependency;
			target = 13B07F861A680F5B00A75B9A /* Electura */;
			targetProxy = 00E356F41AD99517003FC87E /* PBXContainerItemProxy */;
		};
/* End PBXTargetDependency section */

/* Begin XCBuildConfiguration section */
		00E356F61AD99517003FC87E /* Debug */ = {
			isa = XCBuildConfiguration;
			buildSettings = {
				BUNDLE_LOADER = "$(TEST_HOST)";
				GCC_PREPROCESSOR_DEFINITIONS = (
					"DEBUG=1",
					"$(inherited)",
				);
				INFOPLIST_FILE = ElecturaTests/Info.plist;
				IPHONEOS_DEPLOYMENT_TARGET = 10.0;
				LD_RUNPATH_SEARCH_PATHS = (
					"$(inherited)",
					"@executable_path/Frameworks",
					"@loader_path/Frameworks",
				);
				OTHER_LDFLAGS = (
					"-ObjC",
					"-lc++",
					"$(inherited)",
				);
				PRODUCT_BUNDLE_IDENTIFIER = "org.reactjs.native.example.$(PRODUCT_NAME:rfc1034identifier)";
				PRODUCT_NAME = "$(TARGET_NAME)";
				TEST_HOST = "$(BUILT_PRODUCTS_DIR)/Electura.app/Electura";
			};
			name = Debug;
		};
		00E356F71AD99517003FC87E /* Release */ = {
			isa = XCBuildConfiguration;
			buildSettings = {
				BUNDLE_LOADER = "$(TEST_HOST)";
				COPY_PHASE_STRIP = NO;
				INFOPLIST_FILE = ElecturaTests/Info.plist;
				IPHONEOS_DEPLOYMENT_TARGET = 10.0;
				LD_RUNPATH_SEARCH_PATHS = (
					"$(inherited)",
					"@executable_path/Frameworks",
					"@loader_path/Frameworks",
				);
				OTHER_LDFLAGS = (
					"-ObjC",
					"-lc++",
					"$(inherited)",
				);
				PRODUCT_BUNDLE_IDENTIFIER = "org.reactjs.native.example.$(PRODUCT_NAME:rfc1034identifier)";
				PRODUCT_NAME = "$(TARGET_NAME)";
				TEST_HOST = "$(BUILT_PRODUCTS_DIR)/Electura.app/Electura";
			};
			name = Release;
		};
		13B07F941A680F5B00A75B9A /* Debug */ = {
			isa = XCBuildConfiguration;
			buildSettings = {
				ASSETCATALOG_COMPILER_APPICON_NAME = AppIcon;
				CLANG_ENABLE_MODULES = YES;
				CURRENT_PROJECT_VERSION = 1;
				ENABLE_BITCODE = NO;
				INFOPLIST_FILE = Electura/Info.plist;
				LD_RUNPATH_SEARCH_PATHS = (
					"$(inherited)",
					"@executable_path/Frameworks",
				);
				OTHER_LDFLAGS = (
					"$(inherited)",
					"-ObjC",
					"-lc++",
				);
				PRODUCT_BUNDLE_IDENTIFIER = "org.reactjs.native.example.$(PRODUCT_NAME:rfc1034identifier)";
				PRODUCT_NAME = Electura;
				SWIFT_OPTIMIZATION_LEVEL = "-Onone";
				SWIFT_VERSION = 5.0;
				VERSIONING_SYSTEM = "apple-generic";
			};
			name = Debug;
		};
		13B07F951A680F5B00A75B9A /* Release */ = {
			isa = XCBuildConfiguration;
			buildSettings = {
				ASSETCATALOG_COMPILER_APPICON_NAME = AppIcon;
				CLANG_ENABLE_MODULES = YES;
				CURRENT_PROJECT_VERSION = 1;
				INFOPLIST_FILE = Electura/Info.plist;
				LD_RUNPATH_SEARCH_PATHS = (
					"$(inherited)",
					"@executable_path/Frameworks",
				);
				OTHER_LDFLAGS = (
					"$(inherited)",
					"-ObjC",
					"-lc++",
				);
				PRODUCT_BUNDLE_IDENTIFIER = "org.reactjs.native.example.$(PRODUCT_NAME:rfc1034identifier)";
				PRODUCT_NAME = Electura;
				SWIFT_VERSION = 5.0;
				VERSIONING_SYSTEM = "apple-generic";
			};
			name = Release;
		};
		83CBBA201A601CBA00E9B192 /* Debug */ = {
			isa = XCBuildConfiguration;
			buildSettings = {
				ALWAYS_SEARCH_USER_PATHS = NO;
				CLANG_ANALYZER_LOCALIZABILITY_NONLOCALIZED = YES;
				CLANG_CXX_LANGUAGE_STANDARD = "gnu++0x";
				CLANG_CXX_LIBRARY = "libc++";
				CLANG_ENABLE_MODULES = YES;
				CLANG_ENABLE_OBJC_ARC = YES;
				CLANG_WARN_BLOCK_CAPTURE_AUTORELEASING = YES;
				CLANG_WARN_BOOL_CONVERSION = YES;
				CLANG_WARN_COMMA = YES;
				CLANG_WARN_CONSTANT_CONVERSION = YES;
				CLANG_WARN_DEPRECATED_OBJC_IMPLEMENTATIONS = YES;
				CLANG_WARN_DIRECT_OBJC_ISA_USAGE = YES_ERROR;
				CLANG_WARN_EMPTY_BODY = YES;
				CLANG_WARN_ENUM_CONVERSION = YES;
				CLANG_WARN_INFINITE_RECURSION = YES;
				CLANG_WARN_INT_CONVERSION = YES;
				CLANG_WARN_NON_LITERAL_NULL_CONVERSION = YES;
				CLANG_WARN_OBJC_IMPLICIT_RETAIN_SELF = YES;
				CLANG_WARN_OBJC_LITERAL_CONVERSION = YES;
				CLANG_WARN_OBJC_ROOT_CLASS = YES_ERROR;
				CLANG_WARN_QUOTED_INCLUDE_IN_FRAMEWORK_HEADER = YES;
				CLANG_WARN_RANGE_LOOP_ANALYSIS = YES;
				CLANG_WARN_STRICT_PROTOTYPES = YES;
				CLANG_WARN_SUSPICIOUS_MOVE = YES;
				CLANG_WARN_UNREACHABLE_CODE = YES;
				CLANG_WARN__DUPLICATE_METHOD_MATCH = YES;
				"CODE_SIGN_IDENTITY[sdk=iphoneos*]" = "iPhone Developer";
				COPY_PHASE_STRIP = NO;
				ENABLE_STRICT_OBJC_MSGSEND = YES;
				ENABLE_TESTABILITY = YES;
				GCC_C_LANGUAGE_STANDARD = gnu99;
				GCC_DYNAMIC_NO_PIC = NO;
				GCC_NO_COMMON_BLOCKS = YES;
				GCC_OPTIMIZATION_LEVEL = 0;
				GCC_PREPROCESSOR_DEFINITIONS = (
					"DEBUG=1",
					"$(inherited)",
				);
				GCC_SYMBOLS_PRIVATE_EXTERN = NO;
				GCC_WARN_64_TO_32_BIT_CONVERSION = YES;
				GCC_WARN_ABOUT_RETURN_TYPE = YES_ERROR;
				GCC_WARN_UNDECLARED_SELECTOR = YES;
				GCC_WARN_UNINITIALIZED_AUTOS = YES_AGGRESSIVE;
				GCC_WARN_UNUSED_FUNCTION = YES;
				GCC_WARN_UNUSED_VARIABLE = YES;
				IPHONEOS_DEPLOYMENT_TARGET = 10.0;
				LD_RUNPATH_SEARCH_PATHS = (
					/usr/lib/swift,
					"$(inherited)",
				);
				LIBRARY_SEARCH_PATHS = (
					"\"$(TOOLCHAIN_DIR)/usr/lib/swift/$(PLATFORM_NAME)\"",
					"\"$(TOOLCHAIN_DIR)/usr/lib/swift-5.0/$(PLATFORM_NAME)\"",
					"\"$(inherited)\"",
				);
				MTL_ENABLE_DEBUG_INFO = YES;
				ONLY_ACTIVE_ARCH = YES;
				SDKROOT = iphoneos;
			};
			name = Debug;
		};
		83CBBA211A601CBA00E9B192 /* Release */ = {
			isa = XCBuildConfiguration;
			buildSettings = {
				ALWAYS_SEARCH_USER_PATHS = NO;
				CLANG_ANALYZER_LOCALIZABILITY_NONLOCALIZED = YES;
				CLANG_CXX_LANGUAGE_STANDARD = "gnu++0x";
				CLANG_CXX_LIBRARY = "libc++";
				CLANG_ENABLE_MODULES = YES;
				CLANG_ENABLE_OBJC_ARC = YES;
				CLANG_WARN_BLOCK_CAPTURE_AUTORELEASING = YES;
				CLANG_WARN_BOOL_CONVERSION = YES;
				CLANG_WARN_COMMA = YES;
				CLANG_WARN_CONSTANT_CONVERSION = YES;
				CLANG_WARN_DEPRECATED_OBJC_IMPLEMENTATIONS = YES;
				CLANG_WARN_DIRECT_OBJC_ISA_USAGE = YES_ERROR;
				CLANG_WARN_EMPTY_BODY = YES;
				CLANG_WARN_ENUM_CONVERSION = YES;
				CLANG_WARN_INFINITE_RECURSION = YES;
				CLANG_WARN_INT_CONVERSION = YES;
				CLANG_WARN_NON_LITERAL_NULL_CONVERSION = YES;
				CLANG_WARN_OBJC_IMPLICIT_RETAIN_SELF = YES;
				CLANG_WARN_OBJC_LITERAL_CONVERSION = YES;
				CLANG_WARN_OBJC_ROOT_CLASS = YES_ERROR;
				CLANG_WARN_QUOTED_INCLUDE_IN_FRAMEWORK_HEADER = YES;
				CLANG_WARN_RANGE_LOOP_ANALYSIS = YES;
				CLANG_WARN_STRICT_PROTOTYPES = YES;
				CLANG_WARN_SUSPICIOUS_MOVE = YES;
				CLANG_WARN_UNREACHABLE_CODE = YES;
				CLANG_WARN__DUPLICATE_METHOD_MATCH = YES;
				"CODE_SIGN_IDENTITY[sdk=iphoneos*]" = "iPhone Developer";
				COPY_PHASE_STRIP = YES;
				ENABLE_NS_ASSERTIONS = NO;
				ENABLE_STRICT_OBJC_MSGSEND = YES;
				GCC_C_LANGUAGE_STANDARD = gnu99;
				GCC_NO_COMMON_BLOCKS = YES;
				GCC_WARN_64_TO_32_BIT_CONVERSION = YES;
				GCC_WARN_ABOUT_RETURN_TYPE = YES_ERROR;
				GCC_WARN_UNDECLARED_SELECTOR = YES;
				GCC_WARN_UNINITIALIZED_AUTOS = YES_AGGRESSIVE;
				GCC_WARN_UNUSED_FUNCTION = YES;
				GCC_WARN_UNUSED_VARIABLE = YES;
				IPHONEOS_DEPLOYMENT_TARGET = 10.0;
				LD_RUNPATH_SEARCH_PATHS = (
					/usr/lib/swift,
					"$(inherited)",
				);
				LIBRARY_SEARCH_PATHS = (
					"\"$(TOOLCHAIN_DIR)/usr/lib/swift/$(PLATFORM_NAME)\"",
					"\"$(TOOLCHAIN_DIR)/usr/lib/swift-5.0/$(PLATFORM_NAME)\"",
					"\"$(inherited)\"",
				);
				MTL_ENABLE_DEBUG_INFO = NO;
				SDKROOT = iphoneos;
				VALIDATE_PRODUCT = YES;
			};
			name = Release;
		};
/* End XCBuildConfiguration section */

/* Begin XCConfigurationList section */
		00E357021AD99517003FC87E /* Build configuration list for PBXNativeTarget "ElecturaTests" */ = {
			isa = XCConfigurationList;
			buildConfigurations = (
				00E356F61AD99517003FC87E /* Debug */,
				00E356F71AD99517003FC87E /* Release */,
			);
			defaultConfigurationIsVisible = 0;
			defaultConfigurationName = Release;
		};
		13B07F931A680F5B00A75B9A /* Build configuration list for PBXNativeTarget "Electura" */ = {
			isa = XCConfigurationList;
			buildConfigurations = (
				13B07F941A680F5B00A75B9A /* Debug */,
				13B07F951A680F5B00A75B9A /* Release */,
			);
			defaultConfigurationIsVisible = 0;
			defaultConfigurationName = Release;
		};
		83CBB9FA1A601CBA00E9B192 /* Build configuration list for PBXProject "Electura" */ = {
			isa = XCConfigurationList;
			buildConfigurations = (
				83CBBA201A601CBA00E9B192 /* Debug */,
				83CBBA211A601CBA00E9B192 /* Release */,
			);
			defaultConfigurationIsVisible = 0;
			defaultConfigurationName = Release;
		};
/* End XCConfigurationList section */
	};
	rootObject = 83CBB9F71A601CBA00E9B192 /* Project object */;
}
